
Microsoft Visual Studio Solution File, Format Version 12.00
# Visual Studio Version 17
VisualStudioVersion = 17.9.34616.47
MinimumVisualStudioVersion = 10.0.40219.1
Project("{FAE04EC0-301F-11D3-BF4B-00C04F79EFBC}") = "WebApplication_projectQTM", "WebApplication_projectQTM\WebApplication_projectQTM.csproj", "{2827232D-2274-4390-BF5A-9623799A0F2E}"
EndProject
Global
	GlobalSection(SolutionConfigurationPlatforms) = preSolution
		Debug|Any CPU = Debug|Any CPU
		Release|Any CPU = Release|Any CPU
	EndGlobalSection
	GlobalSection(ProjectConfigurationPlatforms) = postSolution
		{2827232D-2274-4390-BF5A-9623799A0F2E}.Debug|Any CPU.ActiveCfg = Debug|Any CPU
		{2827232D-2274-4390-BF5A-9623799A0F2E}.Debug|Any CPU.Build.0 = Debug|Any CPU
		{2827232D-2274-4390-BF5A-9623799A0F2E}.Release|Any CPU.ActiveCfg = Release|Any CPU
		{2827232D-2274-4390-BF5A-9623799A0F2E}.Release|Any CPU.Build.0 = Release|Any CPU
	EndGlobalSection
	GlobalSection(SolutionProperties) = preSolution
		HideSolutionNode = FALSE
	EndGlobalSection
	GlobalSection(ExtensibilityGlobals) = postSolution
		SolutionGuid = {DCE478CA-47E7-40B4-8145-6FCB8C1898A9}
	EndGlobalSection
EndGlobal
